{
    "name": "@sveltech/routify",
    "version": "1.0.1-2",
    "lockfileVersion": 1,
    "requires": true,
    "dependencies": {
        "cheap-watch": {
            "version": "1.0.2",
            "resolved": "https://registry.npmjs.org/cheap-watch/-/cheap-watch-1.0.2.tgz",
            "integrity": "sha512-jp82t+kZAW+ZVnuYuHZEGZqDaUg28uAyOhC915BcKBSYL55fpTyuJ56cYYXZG0JkCPQT80MjRD6q2KqebaPwCw=="
        },
        "commander": {
            "version": "4.0.1",
            "resolved": "https://registry.npmjs.org/commander/-/commander-4.0.1.tgz",
            "integrity": "sha512-IPF4ouhCP+qdlcmCedhxX4xiGBPyigb8v5NeUp+0LyhwLgxMqyp3S0vl7TAPfS/hiP7FC3caI/PB9lTmP8r1NA=="
        },
        "estree-walker": {
            "version": "0.6.1",
            "resolved": "https://registry.npmjs.org/estree-walker/-/estree-walker-0.6.1.tgz",
            "integrity": "sha512-SqmZANLWS0mnatqbSfRP5g8OXZC12Fgg1IwNtLsyHDzJizORW4khDfjPqJZsemPWBB2uqykUah5YpQ6epsqC/w=="
        },
        "rollup-pluginutils": {
            "version": "2.8.2",
            "resolved": "https://registry.npmjs.org/rollup-pluginutils/-/rollup-pluginutils-2.8.2.tgz",
            "integrity": "sha512-EEp9NhnUkwY8aif6bxgovPHMoMoNr2FulJziTndpt5H9RdwC47GSGuII9XxpSdzVGM0GWrNPHV6ie1LTNJPaLQ==",
            "requires": {
                "estree-walker": "^0.6.1"
            }
        }
    }
}
