{
    "name": "starter",
    "lockfileVersion": 3,
    "requires": true,
    "packages": {
        "": {
            "name": "starter",
            "devDependencies": {
                "@roxi/routify": "^3.0.0-next.245",
                "@sveltejs/vite-plugin-svelte": "^5.0.0",
                "svelte": "^5.0.0",
                "vite": "^6.0.0"
            }
        },
        "node_modules/@ampproject/remapping": {
            "version": "2.3.0",
            "dev": true,
            "license": "Apache-2.0",
            "dependencies": {
                "@jridgewell/gen-mapping": "^0.3.5",
                "@jridgewell/trace-mapping": "^0.3.24"
            },
            "engines": {
                "node": ">=6.0.0"
            }
        },
        "node_modules/@esbuild/win32-x64": {
            "version": "0.24.0",
            "cpu": [
                "x64"
            ],
            "dev": true,
            "license": "MIT",
            "optional": true,
            "os": [
                "win32"
            ],
            "engines": {
                "node": ">=18"
            }
        },
        "node_modules/@jridgewell/gen-mapping": {
            "version": "0.3.5",
            "dev": true,
            "license": "MIT",
            "dependencies": {
                "@jridgewell/set-array": "^1.2.1",
                "@jridgewell/sourcemap-codec": "^1.4.10",
                "@jridgewell/trace-mapping": "^0.3.24"
            },
            "engines": {
                "node": ">=6.0.0"
            }
        },
        "node_modules/@jridgewell/resolve-uri": {
            "version": "3.1.2",
            "dev": true,
            "license": "MIT",
            "engines": {
                "node": ">=6.0.0"
            }
        },
        "node_modules/@jridgewell/set-array": {
            "version": "1.2.1",
            "dev": true,
            "license": "MIT",
            "engines": {
                "node": ">=6.0.0"
            }
        },
        "node_modules/@jridgewell/sourcemap-codec": {
            "version": "1.5.0",
            "dev": true,
            "license": "MIT"
        },
        "node_modules/@jridgewell/trace-mapping": {
            "version": "0.3.25",
            "dev": true,
            "license": "MIT",
            "dependencies": {
                "@jridgewell/resolve-uri": "^3.1.0",
                "@jridgewell/sourcemap-codec": "^1.4.14"
            }
        },
        "node_modules/@rollup/rollup-win32-x64-msvc": {
            "version": "4.24.4",
            "cpu": [
                "x64"
            ],
            "dev": true,
            "license": "MIT",
            "optional": true,
            "os": [
                "win32"
            ]
        },
        "node_modules/@roxi/routify": {
            "version": "3.0.0-next.245",
            "dev": true,
            "license": "MIT",
            "dependencies": {
                "@roxi/routify": "file:.",
                "@sveltejs/vite-plugin-svelte": "^2.4.6",
                "cachewrap": "^0.0.1",
                "cheap-watch": "^1.0.4",
                "cheerio": "^1.0.0",
                "commander": "^7.2.0",
                "configent": "^3.0.0-13",
                "consolite": "^0.3.12",
                "fs-extra": "^10.0.0",
                "hookar": "^0.0.7",
                "kleur": "^4.1.4",
                "node-fetch": "^3.3.0",
                "persistable": "^0.1.2",
                "prompts": "^2.4.2",
                "scroll-into-view-if-needed": "^3.1.0",
                "svelte": "^3.46.1"
            },
            "bin": {
                "routify": "lib/cli/index.js",
                "routify3": "lib/cli/index.js"
            },
            "peerDependencies": {
                "spank": "^2.0.0",
                "vite": "^3.2.4 || ^4.0.0 || ^5.0.0 || ^6.0.0"
            },
            "peerDependenciesMeta": {
                "spank": {
                    "optional": true
                },
                "vite": {
                    "optional": true
                }
            }
        },
        "node_modules/@sveltejs/vite-plugin-svelte": {
            "version": "5.0.3",
            "dev": true,
            "license": "MIT",
            "dependencies": {
                "@sveltejs/vite-plugin-svelte-inspector": "^4.0.1",
                "debug": "^4.4.0",
                "deepmerge": "^4.3.1",
                "kleur": "^4.1.5",
                "magic-string": "^0.30.15",
                "vitefu": "^1.0.4"
            },
            "engines": {
                "node": "^18.0.0 || ^20.0.0 || >=22"
            },
            "peerDependencies": {
                "svelte": "^5.0.0",
                "vite": "^6.0.0"
            }
        },
        "node_modules/@sveltejs/vite-plugin-svelte-inspector": {
            "version": "4.0.1",
            "dev": true,
            "license": "MIT",
            "dependencies": {
                "debug": "^4.3.7"
            },
            "engines": {
                "node": "^18.0.0 || ^20.0.0 || >=22"
            },
            "peerDependencies": {
                "@sveltejs/vite-plugin-svelte": "^5.0.0",
                "svelte": "^5.0.0",
                "vite": "^6.0.0"
            }
        },
        "node_modules/@types/estree": {
            "version": "1.0.6",
            "dev": true,
            "license": "MIT"
        },
        "node_modules/acorn": {
            "version": "8.14.0",
            "dev": true,
            "license": "MIT",
            "bin": {
                "acorn": "bin/acorn"
            },
            "engines": {
                "node": ">=0.4.0"
            }
        },
        "node_modules/acorn-typescript": {
            "version": "1.4.13",
            "dev": true,
            "license": "MIT",
            "peerDependencies": {
                "acorn": ">=8.9.0"
            }
        },
        "node_modules/aria-query": {
            "version": "5.3.2",
            "dev": true,
            "license": "Apache-2.0",
            "engines": {
                "node": ">= 0.4"
            }
        },
        "node_modules/axobject-query": {
            "version": "4.1.0",
            "dev": true,
            "license": "Apache-2.0",
            "engines": {
                "node": ">= 0.4"
            }
        },
        "node_modules/boolbase": {
            "version": "1.0.0",
            "resolved": "https://registry.npmjs.org/boolbase/-/boolbase-1.0.0.tgz",
            "integrity": "sha512-JZOSA7Mo9sNGB8+UjSgzdLtokWAky1zbztM3WRLCbZ70/3cTANmQmOdR7y2g+J0e2WXywy1yS468tY+IruqEww==",
            "dev": true,
            "license": "ISC"
        },
        "node_modules/cachewrap": {
            "version": "0.0.1",
            "resolved": "https://registry.npmjs.org/cachewrap/-/cachewrap-0.0.1.tgz",
            "integrity": "sha512-MumTMQ26KmLvWKnECZvoX+7tVGNOplDL4ls1z+xLkpZKCjuvv4t6QvrpqcsCAPfHoqerz0FEfWa6KXVHYylbJA==",
            "dev": true,
            "license": "MIT"
        },
        "node_modules/cheap-watch": {
            "version": "1.0.4",
            "resolved": "https://registry.npmjs.org/cheap-watch/-/cheap-watch-1.0.4.tgz",
            "integrity": "sha512-QR/9FrtRL5fjfUJBhAKCdi0lSRQ3rVRRum3GF9wDKp2TJbEIMGhUEr2yU8lORzm9Isdjx7/k9S0DFDx+z5VGtw==",
            "dev": true,
            "license": "MIT",
            "engines": {
                "node": ">=8"
            }
        },
        "node_modules/cheerio": {
            "version": "1.0.0",
            "resolved": "https://registry.npmjs.org/cheerio/-/cheerio-1.0.0.tgz",
            "integrity": "sha512-quS9HgjQpdaXOvsZz82Oz7uxtXiy6UIsIQcpBj7HRw2M63Skasm9qlDocAM7jNuaxdhpPU7c4kJN+gA5MCu4ww==",
            "dev": true,
            "license": "MIT",
            "dependencies": {
                "cheerio-select": "^2.1.0",
                "dom-serializer": "^2.0.0",
                "domhandler": "^5.0.3",
                "domutils": "^3.1.0",
                "encoding-sniffer": "^0.2.0",
                "htmlparser2": "^9.1.0",
                "parse5": "^7.1.2",
                "parse5-htmlparser2-tree-adapter": "^7.0.0",
                "parse5-parser-stream": "^7.1.2",
                "undici": "^6.19.5",
                "whatwg-mimetype": "^4.0.0"
            },
            "engines": {
                "node": ">=18.17"
            },
            "funding": {
                "url": "https://github.com/cheeriojs/cheerio?sponsor=1"
            }
        },
        "node_modules/cheerio-select": {
            "version": "2.1.0",
            "resolved": "https://registry.npmjs.org/cheerio-select/-/cheerio-select-2.1.0.tgz",
            "integrity": "sha512-9v9kG0LvzrlcungtnJtpGNxY+fzECQKhK4EGJX2vByejiMX84MFNQw4UxPJl3bFbTMw+Dfs37XaIkCwTZfLh4g==",
            "dev": true,
            "license": "BSD-2-Clause",
            "dependencies": {
                "boolbase": "^1.0.0",
                "css-select": "^5.1.0",
                "css-what": "^6.1.0",
                "domelementtype": "^2.3.0",
                "domhandler": "^5.0.3",
                "domutils": "^3.0.1"
            },
            "funding": {
                "url": "https://github.com/sponsors/fb55"
            }
        },
        "node_modules/clsx": {
            "version": "2.1.1",
            "resolved": "https://registry.npmjs.org/clsx/-/clsx-2.1.1.tgz",
            "integrity": "sha512-eYm0QWBtUrBWZWG0d386OGAw16Z995PiOVo2B7bjWSbHedGl5e0ZWaq65kOGgUSNesEIDkB9ISbTg/JK9dhCZA==",
            "dev": true,
            "license": "MIT",
            "engines": {
                "node": ">=6"
            }
        },
        "node_modules/commander": {
            "version": "7.2.0",
            "resolved": "https://registry.npmjs.org/commander/-/commander-7.2.0.tgz",
            "integrity": "sha512-QrWXB+ZQSVPmIWIhtEO9H+gwHaMGYiF5ChvoJ+K9ZGHG/sVsa6yiesAD1GC/x46sET00Xlwo1u49RVVVzvcSkw==",
            "dev": true,
            "license": "MIT",
            "engines": {
                "node": ">= 10"
            }
        },
        "node_modules/compute-scroll-into-view": {
            "version": "3.1.0",
            "resolved": "https://registry.npmjs.org/compute-scroll-into-view/-/compute-scroll-into-view-3.1.0.tgz",
            "integrity": "sha512-rj8l8pD4bJ1nx+dAkMhV1xB5RuZEyVysfxJqB1pRchh1KVvwOv9b7CGB8ZfjTImVv2oF+sYMUkMZq6Na5Ftmbg==",
            "dev": true,
            "license": "MIT"
        },
        "node_modules/configent": {
            "version": "3.0.0-14",
            "resolved": "https://registry.npmjs.org/configent/-/configent-3.0.0-14.tgz",
            "integrity": "sha512-IKzrqrAIWvZ17j0VZkWIz7KGm8KWu2jW6XgRCfJbWgYWk2XS9qPjynjjSMbIT7zox2l6Njd3NbRq9dkv1gk3zQ==",
            "dev": true,
            "license": "MIT",
            "dependencies": {
                "dotenv": "^16.0.0",
                "esm": "^3.2.25"
            }
        },
        "node_modules/consolite": {
            "version": "0.3.12",
            "resolved": "https://registry.npmjs.org/consolite/-/consolite-0.3.12.tgz",
            "integrity": "sha512-bll77gpKp234MGTBctDzayyUpuRH3RR0OlUa4sAzpifuTS+6X8WoyS2gm/udVYoPLBzt10Q8W91NcQYXBNULoA==",
            "dev": true,
            "license": "MIT"
        },
        "node_modules/css-select": {
            "version": "5.1.0",
            "resolved": "https://registry.npmjs.org/css-select/-/css-select-5.1.0.tgz",
            "integrity": "sha512-nwoRF1rvRRnnCqqY7updORDsuqKzqYJ28+oSMaJMMgOauh3fvwHqMS7EZpIPqK8GL+g9mKxF1vP/ZjSeNjEVHg==",
            "dev": true,
            "license": "BSD-2-Clause",
            "dependencies": {
                "boolbase": "^1.0.0",
                "css-what": "^6.1.0",
                "domhandler": "^5.0.2",
                "domutils": "^3.0.1",
                "nth-check": "^2.0.1"
            },
            "funding": {
                "url": "https://github.com/sponsors/fb55"
            }
        },
        "node_modules/css-what": {
            "version": "6.1.0",
            "resolved": "https://registry.npmjs.org/css-what/-/css-what-6.1.0.tgz",
            "integrity": "sha512-HTUrgRJ7r4dsZKU6GjmpfRK1O76h97Z8MfS1G0FozR+oF2kG6Vfe8JE6zwrkbxigziPHinCJ+gCPjA9EaBDtRw==",
            "dev": true,
            "license": "BSD-2-Clause",
            "engines": {
                "node": ">= 6"
            },
            "funding": {
                "url": "https://github.com/sponsors/fb55"
            }
        },
        "node_modules/data-uri-to-buffer": {
            "version": "4.0.1",
            "resolved": "https://registry.npmjs.org/data-uri-to-buffer/-/data-uri-to-buffer-4.0.1.tgz",
            "integrity": "sha512-0R9ikRb668HB7QDxT1vkpuUBtqc53YyAwMwGeUFKRojY/NWKvdZ+9UYtRfGmhqNbRkTSVpMbmyhXipFFv2cb/A==",
            "dev": true,
            "license": "MIT",
            "engines": {
                "node": ">= 12"
            }
        },
        "node_modules/debug": {
            "version": "4.4.0",
            "dev": true,
            "license": "MIT",
            "dependencies": {
                "ms": "^2.1.3"
            },
            "engines": {
                "node": ">=6.0"
            },
            "peerDependenciesMeta": {
                "supports-color": {
                    "optional": true
                }
            }
        },
        "node_modules/deepmerge": {
            "version": "4.3.1",
            "dev": true,
            "license": "MIT",
            "engines": {
                "node": ">=0.10.0"
            }
        },
        "node_modules/dom-serializer": {
            "version": "2.0.0",
            "resolved": "https://registry.npmjs.org/dom-serializer/-/dom-serializer-2.0.0.tgz",
            "integrity": "sha512-wIkAryiqt/nV5EQKqQpo3SToSOV9J0DnbJqwK7Wv/Trc92zIAYZ4FlMu+JPFW1DfGFt81ZTCGgDEabffXeLyJg==",
            "dev": true,
            "license": "MIT",
            "dependencies": {
                "domelementtype": "^2.3.0",
                "domhandler": "^5.0.2",
                "entities": "^4.2.0"
            },
            "funding": {
                "url": "https://github.com/cheeriojs/dom-serializer?sponsor=1"
            }
        },
        "node_modules/domelementtype": {
            "version": "2.3.0",
            "resolved": "https://registry.npmjs.org/domelementtype/-/domelementtype-2.3.0.tgz",
            "integrity": "sha512-OLETBj6w0OsagBwdXnPdN0cnMfF9opN69co+7ZrbfPGrdpPVNBUj02spi6B1N7wChLQiPn4CSH/zJvXw56gmHw==",
            "dev": true,
            "funding": [
                {
                    "type": "github",
                    "url": "https://github.com/sponsors/fb55"
                }
            ],
            "license": "BSD-2-Clause"
        },
        "node_modules/domhandler": {
            "version": "5.0.3",
            "resolved": "https://registry.npmjs.org/domhandler/-/domhandler-5.0.3.tgz",
            "integrity": "sha512-cgwlv/1iFQiFnU96XXgROh8xTeetsnJiDsTc7TYCLFd9+/WNkIqPTxiM/8pSd8VIrhXGTf1Ny1q1hquVqDJB5w==",
            "dev": true,
            "license": "BSD-2-Clause",
            "dependencies": {
                "domelementtype": "^2.3.0"
            },
            "engines": {
                "node": ">= 4"
            },
            "funding": {
                "url": "https://github.com/fb55/domhandler?sponsor=1"
            }
        },
        "node_modules/domutils": {
            "version": "3.1.0",
            "resolved": "https://registry.npmjs.org/domutils/-/domutils-3.1.0.tgz",
            "integrity": "sha512-H78uMmQtI2AhgDJjWeQmHwJJ2bLPD3GMmO7Zja/ZZh84wkm+4ut+IUnUdRa8uCGX88DiVx1j6FRe1XfxEgjEZA==",
            "dev": true,
            "license": "BSD-2-Clause",
            "dependencies": {
                "dom-serializer": "^2.0.0",
                "domelementtype": "^2.3.0",
                "domhandler": "^5.0.3"
            },
            "funding": {
                "url": "https://github.com/fb55/domutils?sponsor=1"
            }
        },
        "node_modules/dotenv": {
            "version": "16.4.7",
            "resolved": "https://registry.npmjs.org/dotenv/-/dotenv-16.4.7.tgz",
            "integrity": "sha512-47qPchRCykZC03FhkYAhrvwU4xDBFIj1QPqaarj6mdM/hgUzfPHcpkHJOn3mJAufFeeAxAzeGsr5X0M4k6fLZQ==",
            "dev": true,
            "license": "BSD-2-Clause",
            "engines": {
                "node": ">=12"
            },
            "funding": {
                "url": "https://dotenvx.com"
            }
        },
        "node_modules/encoding-sniffer": {
            "version": "0.2.0",
            "resolved": "https://registry.npmjs.org/encoding-sniffer/-/encoding-sniffer-0.2.0.tgz",
            "integrity": "sha512-ju7Wq1kg04I3HtiYIOrUrdfdDvkyO9s5XM8QAj/bN61Yo/Vb4vgJxy5vi4Yxk01gWHbrofpPtpxM8bKger9jhg==",
            "dev": true,
            "license": "MIT",
            "dependencies": {
                "iconv-lite": "^0.6.3",
                "whatwg-encoding": "^3.1.1"
            },
            "funding": {
                "url": "https://github.com/fb55/encoding-sniffer?sponsor=1"
            }
        },
        "node_modules/entities": {
            "version": "4.5.0",
            "resolved": "https://registry.npmjs.org/entities/-/entities-4.5.0.tgz",
            "integrity": "sha512-V0hjH4dGPh9Ao5p0MoRY6BVqtwCjhz6vI5LT8AJ55H+4g9/4vbHx1I54fS0XuclLhDHArPQCiMjDxjaL8fPxhw==",
            "dev": true,
            "license": "BSD-2-Clause",
            "engines": {
                "node": ">=0.12"
            },
            "funding": {
                "url": "https://github.com/fb55/entities?sponsor=1"
            }
        },
        "node_modules/esm": {
            "version": "3.2.25",
            "resolved": "https://registry.npmjs.org/esm/-/esm-3.2.25.tgz",
            "integrity": "sha512-U1suiZ2oDVWv4zPO56S0NcR5QriEahGtdN2OR6FiOG4WJvcjBVFB0qI4+eKoWFH483PKGuLuu6V8Z4T5g63UVA==",
            "dev": true,
            "license": "MIT",
            "engines": {
                "node": ">=6"
            }
        },
        "node_modules/esm-env": {
            "version": "1.2.1",
            "resolved": "https://registry.npmjs.org/esm-env/-/esm-env-1.2.1.tgz",
            "integrity": "sha512-U9JedYYjCnadUlXk7e1Kr+aENQhtUaoaV9+gZm1T8LC/YBAPJx3NSPIAurFOC0U5vrdSevnUJS2/wUVxGwPhng==",
            "dev": true,
            "license": "MIT"
        },
        "node_modules/esrap": {
            "version": "1.3.2",
            "resolved": "https://registry.npmjs.org/esrap/-/esrap-1.3.2.tgz",
            "integrity": "sha512-C4PXusxYhFT98GjLSmb20k9PREuUdporer50dhzGuJu9IJXktbMddVCMLAERl5dAHyAi73GWWCE4FVHGP1794g==",
            "dev": true,
            "license": "MIT",
            "dependencies": {
                "@jridgewell/sourcemap-codec": "^1.4.15"
            }
        },
        "node_modules/fetch-blob": {
            "version": "3.2.0",
            "resolved": "https://registry.npmjs.org/fetch-blob/-/fetch-blob-3.2.0.tgz",
            "integrity": "sha512-7yAQpD2UMJzLi1Dqv7qFYnPbaPx7ZfFK6PiIxQ4PfkGPyNyl2Ugx+a/umUonmKqjhM4DnfbMvdX6otXq83soQQ==",
            "dev": true,
            "funding": [
                {
                    "type": "github",
                    "url": "https://github.com/sponsors/jimmywarting"
                },
                {
                    "type": "paypal",
                    "url": "https://paypal.me/jimmywarting"
                }
            ],
            "license": "MIT",
            "dependencies": {
                "node-domexception": "^1.0.0",
                "web-streams-polyfill": "^3.0.3"
            },
            "engines": {
                "node": "^12.20 || >= 14.13"
            }
        },
        "node_modules/formdata-polyfill": {
            "version": "4.0.10",
            "resolved": "https://registry.npmjs.org/formdata-polyfill/-/formdata-polyfill-4.0.10.tgz",
            "integrity": "sha512-buewHzMvYL29jdeQTVILecSaZKnt/RJWjoZCF5OW60Z67/GmSLBkOFM7qh1PI3zFNtJbaZL5eQu1vLfazOwj4g==",
            "dev": true,
            "license": "MIT",
            "dependencies": {
                "fetch-blob": "^3.1.2"
            },
            "engines": {
                "node": ">=12.20.0"
            }
        },
        "node_modules/fs-extra": {
            "version": "10.1.0",
            "resolved": "https://registry.npmjs.org/fs-extra/-/fs-extra-10.1.0.tgz",
            "integrity": "sha512-oRXApq54ETRj4eMiFzGnHWGy+zo5raudjuxN0b8H7s/RU2oW0Wvsx9O0ACRN/kRq9E8Vu/ReskGB5o3ji+FzHQ==",
            "dev": true,
            "license": "MIT",
            "dependencies": {
                "graceful-fs": "^4.2.0",
                "jsonfile": "^6.0.1",
                "universalify": "^2.0.0"
            },
            "engines": {
                "node": ">=12"
            }
        },
        "node_modules/graceful-fs": {
            "version": "4.2.11",
            "resolved": "https://registry.npmjs.org/graceful-fs/-/graceful-fs-4.2.11.tgz",
            "integrity": "sha512-RbJ5/jmFcNNCcDV5o9eTnBLJ/HszWV0P73bc+Ff4nS/rJj+YaS6IGyiOL0VoBYX+l1Wrl3k63h/KrH+nhJ0XvQ==",
            "dev": true,
            "license": "ISC"
        },
        "node_modules/hookar": {
            "version": "0.0.7",
            "resolved": "https://registry.npmjs.org/hookar/-/hookar-0.0.7.tgz",
            "integrity": "sha512-4qiFw9WIMM6ft82CalpWaEkBAzoL3Dw7xB7eLlC9P64Mx/SaHTLqWQTfLkGe6r5ERE4iTbVDCTsKLQuK1YTr3A==",
            "dev": true,
            "license": "MIT"
        },
        "node_modules/htmlparser2": {
            "version": "9.1.0",
            "resolved": "https://registry.npmjs.org/htmlparser2/-/htmlparser2-9.1.0.tgz",
            "integrity": "sha512-5zfg6mHUoaer/97TxnGpxmbR7zJtPwIYFMZ/H5ucTlPZhKvtum05yiPK3Mgai3a0DyVxv7qYqoweaEd2nrYQzQ==",
            "dev": true,
            "funding": [
                "https://github.com/fb55/htmlparser2?sponsor=1",
                {
                    "type": "github",
                    "url": "https://github.com/sponsors/fb55"
                }
            ],
            "license": "MIT",
            "dependencies": {
                "domelementtype": "^2.3.0",
                "domhandler": "^5.0.3",
                "domutils": "^3.1.0",
                "entities": "^4.5.0"
            }
        },
        "node_modules/iconv-lite": {
            "version": "0.6.3",
            "resolved": "https://registry.npmjs.org/iconv-lite/-/iconv-lite-0.6.3.tgz",
            "integrity": "sha512-4fCk79wshMdzMp2rH06qWrJE4iolqLhCUH+OiuIgU++RB0+94NlDL81atO7GX55uUKueo0txHNtvEyI6D7WdMw==",
            "dev": true,
            "license": "MIT",
            "dependencies": {
                "safer-buffer": ">= 2.1.2 < 3.0.0"
            },
            "engines": {
                "node": ">=0.10.0"
            }
        },
        "node_modules/is-reference": {
            "version": "3.0.3",
            "resolved": "https://registry.npmjs.org/is-reference/-/is-reference-3.0.3.tgz",
            "integrity": "sha512-ixkJoqQvAP88E6wLydLGGqCJsrFUnqoH6HnaczB8XmDH1oaWU+xxdptvikTgaEhtZ53Ky6YXiBuUI2WXLMCwjw==",
            "dev": true,
            "license": "MIT",
            "dependencies": {
                "@types/estree": "^1.0.6"
            }
        },
        "node_modules/jsonfile": {
            "version": "6.1.0",
            "resolved": "https://registry.npmjs.org/jsonfile/-/jsonfile-6.1.0.tgz",
            "integrity": "sha512-5dgndWOriYSm5cnYaJNhalLNDKOqFwyDB/rr1E9ZsGciGvKPs8R2xYGCacuf3z6K1YKDz182fd+fY3cn3pMqXQ==",
            "dev": true,
            "license": "MIT",
            "dependencies": {
                "universalify": "^2.0.0"
            },
            "optionalDependencies": {
                "graceful-fs": "^4.1.6"
            }
        },
        "node_modules/kleur": {
            "version": "4.1.5",
            "dev": true,
            "license": "MIT",
            "engines": {
                "node": ">=6"
            }
        },
        "node_modules/locate-character": {
            "version": "3.0.0",
            "dev": true,
            "license": "MIT"
        },
        "node_modules/magic-string": {
            "version": "0.30.17",
            "dev": true,
            "license": "MIT",
            "dependencies": {
                "@jridgewell/sourcemap-codec": "^1.5.0"
            }
        },
        "node_modules/ms": {
            "version": "2.1.3",
            "dev": true,
            "license": "MIT"
        },
        "node_modules/nanoid": {
            "version": "3.3.8",
            "dev": true,
            "funding": [
                {
                    "type": "github",
                    "url": "https://github.com/sponsors/ai"
                }
            ],
            "license": "MIT",
            "bin": {
                "nanoid": "bin/nanoid.cjs"
            },
            "engines": {
                "node": "^10 || ^12 || ^13.7 || ^14 || >=15.0.1"
            }
        },
        "node_modules/node-domexception": {
            "version": "1.0.0",
            "resolved": "https://registry.npmjs.org/node-domexception/-/node-domexception-1.0.0.tgz",
            "integrity": "sha512-/jKZoMpw0F8GRwl4/eLROPA3cfcXtLApP0QzLmUT/HuPCZWyB7IY9ZrMeKw2O/nFIqPQB3PVM9aYm0F312AXDQ==",
            "dev": true,
            "funding": [
                {
                    "type": "github",
                    "url": "https://github.com/sponsors/jimmywarting"
                },
                {
                    "type": "github",
                    "url": "https://paypal.me/jimmywarting"
                }
            ],
            "license": "MIT",
            "engines": {
                "node": ">=10.5.0"
            }
        },
        "node_modules/node-fetch": {
            "version": "3.3.2",
            "resolved": "https://registry.npmjs.org/node-fetch/-/node-fetch-3.3.2.tgz",
            "integrity": "sha512-dRB78srN/l6gqWulah9SrxeYnxeddIG30+GOqK/9OlLVyLg3HPnr6SqOWTWOXKRwC2eGYCkZ59NNuSgvSrpgOA==",
            "dev": true,
            "license": "MIT",
            "dependencies": {
                "data-uri-to-buffer": "^4.0.0",
                "fetch-blob": "^3.1.4",
                "formdata-polyfill": "^4.0.10"
            },
            "engines": {
                "node": "^12.20.0 || ^14.13.1 || >=16.0.0"
            },
            "funding": {
                "type": "opencollective",
                "url": "https://opencollective.com/node-fetch"
            }
        },
        "node_modules/nth-check": {
            "version": "2.1.1",
            "resolved": "https://registry.npmjs.org/nth-check/-/nth-check-2.1.1.tgz",
            "integrity": "sha512-lqjrjmaOoAnWfMmBPL+XNnynZh2+swxiX3WUE0s4yEHI6m+AwrK2UZOimIRl3X/4QctVqS8AiZjFqyOGrMXb/w==",
            "dev": true,
            "license": "BSD-2-Clause",
            "dependencies": {
                "boolbase": "^1.0.0"
            },
            "funding": {
                "url": "https://github.com/fb55/nth-check?sponsor=1"
            }
        },
        "node_modules/parse5": {
            "version": "7.2.1",
            "resolved": "https://registry.npmjs.org/parse5/-/parse5-7.2.1.tgz",
            "integrity": "sha512-BuBYQYlv1ckiPdQi/ohiivi9Sagc9JG+Ozs0r7b/0iK3sKmrb0b9FdWdBbOdx6hBCM/F9Ir82ofnBhtZOjCRPQ==",
            "dev": true,
            "license": "MIT",
            "dependencies": {
                "entities": "^4.5.0"
            },
            "funding": {
                "url": "https://github.com/inikulin/parse5?sponsor=1"
            }
        },
        "node_modules/parse5-htmlparser2-tree-adapter": {
            "version": "7.1.0",
            "resolved": "https://registry.npmjs.org/parse5-htmlparser2-tree-adapter/-/parse5-htmlparser2-tree-adapter-7.1.0.tgz",
            "integrity": "sha512-ruw5xyKs6lrpo9x9rCZqZZnIUntICjQAd0Wsmp396Ul9lN/h+ifgVV1x1gZHi8euej6wTfpqX8j+BFQxF0NS/g==",
            "dev": true,
            "license": "MIT",
            "dependencies": {
                "domhandler": "^5.0.3",
                "parse5": "^7.0.0"
            },
            "funding": {
                "url": "https://github.com/inikulin/parse5?sponsor=1"
            }
        },
        "node_modules/parse5-parser-stream": {
            "version": "7.1.2",
            "resolved": "https://registry.npmjs.org/parse5-parser-stream/-/parse5-parser-stream-7.1.2.tgz",
            "integrity": "sha512-JyeQc9iwFLn5TbvvqACIF/VXG6abODeB3Fwmv/TGdLk2LfbWkaySGY72at4+Ty7EkPZj854u4CrICqNk2qIbow==",
            "dev": true,
            "license": "MIT",
            "dependencies": {
                "parse5": "^7.0.0"
            },
            "funding": {
                "url": "https://github.com/inikulin/parse5?sponsor=1"
            }
        },
        "node_modules/persistable": {
            "version": "0.1.2",
            "resolved": "https://registry.npmjs.org/persistable/-/persistable-0.1.2.tgz",
            "integrity": "sha512-MBOfOEnD9SbHbhpwpqyF1I46Ae9Et3PBxWDBI3Ro5NfSa2761CPzLKcfhlcvanmhAgHJpCGmsuCnP3+wDC/2Ug==",
            "dev": true,
            "license": "MIT"
        },
        "node_modules/picocolors": {
            "version": "1.1.1",
            "dev": true,
            "license": "ISC"
        },
        "node_modules/postcss": {
            "version": "8.4.49",
            "dev": true,
            "funding": [
                {
                    "type": "opencollective",
                    "url": "https://opencollective.com/postcss/"
                },
                {
                    "type": "tidelift",
                    "url": "https://tidelift.com/funding/github/npm/postcss"
                },
                {
                    "type": "github",
                    "url": "https://github.com/sponsors/ai"
                }
            ],
            "license": "MIT",
            "dependencies": {
                "nanoid": "^3.3.7",
                "picocolors": "^1.1.1",
                "source-map-js": "^1.2.1"
            },
            "engines": {
                "node": "^10 || ^12 || >=14"
            }
        },
        "node_modules/prompts": {
            "version": "2.4.2",
            "resolved": "https://registry.npmjs.org/prompts/-/prompts-2.4.2.tgz",
            "integrity": "sha512-NxNv/kLguCA7p3jE8oL2aEBsrJWgAakBpgmgK6lpPWV+WuOmY6r2/zbAVnP+T8bQlA0nzHXSJSJW0Hq7ylaD2Q==",
            "dev": true,
            "license": "MIT",
            "dependencies": {
                "kleur": "^3.0.3",
                "sisteransi": "^1.0.5"
            },
            "engines": {
                "node": ">= 6"
            }
        },
        "node_modules/prompts/node_modules/kleur": {
            "version": "3.0.3",
            "resolved": "https://registry.npmjs.org/kleur/-/kleur-3.0.3.tgz",
            "integrity": "sha512-eTIzlVOSUR+JxdDFepEYcBMtZ9Qqdef+rnzWdRZuMbOywu5tO2w2N7rqjoANZ5k9vywhL6Br1VRjUIgTQx4E8w==",
            "dev": true,
            "license": "MIT",
            "engines": {
                "node": ">=6"
            }
        },
        "node_modules/rollup": {
            "version": "4.24.4",
            "dev": true,
            "license": "MIT",
            "dependencies": {
                "@types/estree": "1.0.6"
            },
            "bin": {
                "rollup": "dist/bin/rollup"
            },
            "engines": {
                "node": ">=18.0.0",
                "npm": ">=8.0.0"
            },
            "optionalDependencies": {
                "@rollup/rollup-android-arm-eabi": "4.24.4",
                "@rollup/rollup-android-arm64": "4.24.4",
                "@rollup/rollup-darwin-arm64": "4.24.4",
                "@rollup/rollup-darwin-x64": "4.24.4",
                "@rollup/rollup-freebsd-arm64": "4.24.4",
                "@rollup/rollup-freebsd-x64": "4.24.4",
                "@rollup/rollup-linux-arm-gnueabihf": "4.24.4",
                "@rollup/rollup-linux-arm-musleabihf": "4.24.4",
                "@rollup/rollup-linux-arm64-gnu": "4.24.4",
                "@rollup/rollup-linux-arm64-musl": "4.24.4",
                "@rollup/rollup-linux-powerpc64le-gnu": "4.24.4",
                "@rollup/rollup-linux-riscv64-gnu": "4.24.4",
                "@rollup/rollup-linux-s390x-gnu": "4.24.4",
                "@rollup/rollup-linux-x64-gnu": "4.24.4",
                "@rollup/rollup-linux-x64-musl": "4.24.4",
                "@rollup/rollup-win32-arm64-msvc": "4.24.4",
                "@rollup/rollup-win32-ia32-msvc": "4.24.4",
                "@rollup/rollup-win32-x64-msvc": "4.24.4",
                "fsevents": "~2.3.2"
            }
        },
        "node_modules/safer-buffer": {
            "version": "2.1.2",
            "resolved": "https://registry.npmjs.org/safer-buffer/-/safer-buffer-2.1.2.tgz",
            "integrity": "sha512-YZo3K82SD7Riyi0E1EQPojLz7kpepnSQI9IyPbHHg1XXXevb5dJI7tpyN2ADxGcQbHG7vcyRHk0cbwqcQriUtg==",
            "dev": true,
            "license": "MIT"
        },
        "node_modules/scroll-into-view-if-needed": {
            "version": "3.1.0",
            "resolved": "https://registry.npmjs.org/scroll-into-view-if-needed/-/scroll-into-view-if-needed-3.1.0.tgz",
            "integrity": "sha512-49oNpRjWRvnU8NyGVmUaYG4jtTkNonFZI86MmGRDqBphEK2EXT9gdEUoQPZhuBM8yWHxCWbobltqYO5M4XrUvQ==",
            "dev": true,
            "license": "MIT",
            "dependencies": {
                "compute-scroll-into-view": "^3.0.2"
            }
        },
        "node_modules/sisteransi": {
            "version": "1.0.5",
            "resolved": "https://registry.npmjs.org/sisteransi/-/sisteransi-1.0.5.tgz",
            "integrity": "sha512-bLGGlR1QxBcynn2d5YmDX4MGjlZvy2MRBDRNHLJ8VI6l6+9FUiyTFNJ0IveOSP0bcXgVDPRcfGqA0pjaqUpfVg==",
            "dev": true,
            "license": "MIT"
        },
        "node_modules/source-map-js": {
            "version": "1.2.1",
            "dev": true,
            "license": "BSD-3-Clause",
            "engines": {
                "node": ">=0.10.0"
            }
        },
        "node_modules/svelte": {
            "version": "5.16.0",
            "resolved": "https://registry.npmjs.org/svelte/-/svelte-5.16.0.tgz",
            "integrity": "sha512-Ygqsiac6UogVED2ruKclU+pOeMThxWtp9LG+li7BXeDKC2paVIsRTMkNmcON4Zejerd1s5sZHWx6ZtU85xklVg==",
            "dev": true,
            "license": "MIT",
            "dependencies": {
                "@ampproject/remapping": "^2.3.0",
                "@jridgewell/sourcemap-codec": "^1.5.0",
                "@types/estree": "^1.0.5",
                "acorn": "^8.12.1",
                "acorn-typescript": "^1.4.13",
                "aria-query": "^5.3.1",
                "axobject-query": "^4.1.0",
                "clsx": "^2.1.1",
                "esm-env": "^1.2.1",
                "esrap": "^1.3.2",
                "is-reference": "^3.0.3",
                "locate-character": "^3.0.0",
                "magic-string": "^0.30.11",
                "zimmerframe": "^1.1.2"
            },
            "engines": {
                "node": ">=18"
            }
        },
        "node_modules/undici": {
            "version": "6.21.0",
            "resolved": "https://registry.npmjs.org/undici/-/undici-6.21.0.tgz",
            "integrity": "sha512-BUgJXc752Kou3oOIuU1i+yZZypyZRqNPW0vqoMPl8VaoalSfeR0D8/t4iAS3yirs79SSMTxTag+ZC86uswv+Cw==",
            "dev": true,
            "license": "MIT",
            "engines": {
                "node": ">=18.17"
            }
        },
        "node_modules/universalify": {
            "version": "2.0.1",
            "resolved": "https://registry.npmjs.org/universalify/-/universalify-2.0.1.tgz",
            "integrity": "sha512-gptHNQghINnc/vTGIk0SOFGFNXw7JVrlRUtConJRlvaw6DuX0wO5Jeko9sWrMBhh+PsYAZ7oXAiOnf/UKogyiw==",
            "dev": true,
            "license": "MIT",
            "engines": {
                "node": ">= 10.0.0"
            }
        },
        "node_modules/vite": {
            "version": "6.0.5",
            "dev": true,
            "license": "MIT",
            "dependencies": {
                "esbuild": "0.24.0",
                "postcss": "^8.4.49",
                "rollup": "^4.23.0"
            },
            "bin": {
                "vite": "bin/vite.js"
            },
            "engines": {
                "node": "^18.0.0 || ^20.0.0 || >=22.0.0"
            },
            "funding": {
                "url": "https://github.com/vitejs/vite?sponsor=1"
            },
            "optionalDependencies": {
                "fsevents": "~2.3.3"
            },
            "peerDependencies": {
                "@types/node": "^18.0.0 || ^20.0.0 || >=22.0.0",
                "jiti": ">=1.21.0",
                "less": "*",
                "lightningcss": "^1.21.0",
                "sass": "*",
                "sass-embedded": "*",
                "stylus": "*",
                "sugarss": "*",
                "terser": "^5.16.0",
                "tsx": "^4.8.1",
                "yaml": "^2.4.2"
            },
            "peerDependenciesMeta": {
                "@types/node": {
                    "optional": true
                },
                "jiti": {
                    "optional": true
                },
                "less": {
                    "optional": true
                },
                "lightningcss": {
                    "optional": true
                },
                "sass": {
                    "optional": true
                },
                "sass-embedded": {
                    "optional": true
                },
                "stylus": {
                    "optional": true
                },
                "sugarss": {
                    "optional": true
                },
                "terser": {
                    "optional": true
                },
                "tsx": {
                    "optional": true
                },
                "yaml": {
                    "optional": true
                }
            }
        },
        "node_modules/vite/node_modules/esbuild": {
            "version": "0.24.0",
            "dev": true,
            "hasInstallScript": true,
            "license": "MIT",
            "bin": {
                "esbuild": "bin/esbuild"
            },
            "engines": {
                "node": ">=18"
            },
            "optionalDependencies": {
                "@esbuild/aix-ppc64": "0.24.0",
                "@esbuild/android-arm": "0.24.0",
                "@esbuild/android-arm64": "0.24.0",
                "@esbuild/android-x64": "0.24.0",
                "@esbuild/darwin-arm64": "0.24.0",
                "@esbuild/darwin-x64": "0.24.0",
                "@esbuild/freebsd-arm64": "0.24.0",
                "@esbuild/freebsd-x64": "0.24.0",
                "@esbuild/linux-arm": "0.24.0",
                "@esbuild/linux-arm64": "0.24.0",
                "@esbuild/linux-ia32": "0.24.0",
                "@esbuild/linux-loong64": "0.24.0",
                "@esbuild/linux-mips64el": "0.24.0",
                "@esbuild/linux-ppc64": "0.24.0",
                "@esbuild/linux-riscv64": "0.24.0",
                "@esbuild/linux-s390x": "0.24.0",
                "@esbuild/linux-x64": "0.24.0",
                "@esbuild/netbsd-x64": "0.24.0",
                "@esbuild/openbsd-arm64": "0.24.0",
                "@esbuild/openbsd-x64": "0.24.0",
                "@esbuild/sunos-x64": "0.24.0",
                "@esbuild/win32-arm64": "0.24.0",
                "@esbuild/win32-ia32": "0.24.0",
                "@esbuild/win32-x64": "0.24.0"
            }
        },
        "node_modules/vitefu": {
            "version": "1.0.4",
            "dev": true,
            "license": "MIT",
            "workspaces": [
                "tests/deps/*",
                "tests/projects/*"
            ],
            "peerDependencies": {
                "vite": "^3.0.0 || ^4.0.0 || ^5.0.0 || ^6.0.0"
            },
            "peerDependenciesMeta": {
                "vite": {
                    "optional": true
                }
            }
        },
        "node_modules/web-streams-polyfill": {
            "version": "3.3.3",
            "resolved": "https://registry.npmjs.org/web-streams-polyfill/-/web-streams-polyfill-3.3.3.tgz",
            "integrity": "sha512-d2JWLCivmZYTSIoge9MsgFCZrt571BikcWGYkjC1khllbTeDlGqZ2D8vD8E/lJa8WGWbb7Plm8/XJYV7IJHZZw==",
            "dev": true,
            "license": "MIT",
            "engines": {
                "node": ">= 8"
            }
        },
        "node_modules/whatwg-encoding": {
            "version": "3.1.1",
            "resolved": "https://registry.npmjs.org/whatwg-encoding/-/whatwg-encoding-3.1.1.tgz",
            "integrity": "sha512-6qN4hJdMwfYBtE3YBTTHhoeuUrDBPZmbQaxWAqSALV/MeEnR5z1xd8UKud2RAkFoPkmB+hli1TZSnyi84xz1vQ==",
            "dev": true,
            "license": "MIT",
            "dependencies": {
                "iconv-lite": "0.6.3"
            },
            "engines": {
                "node": ">=18"
            }
        },
        "node_modules/whatwg-mimetype": {
            "version": "4.0.0",
            "resolved": "https://registry.npmjs.org/whatwg-mimetype/-/whatwg-mimetype-4.0.0.tgz",
            "integrity": "sha512-QaKxh0eNIi2mE9p2vEdzfagOKHCcj1pJ56EEHGQOVxp8r9/iszLUUV7v89x9O1p/T+NlTM5W7jW6+cz4Fq1YVg==",
            "dev": true,
            "license": "MIT",
            "engines": {
                "node": ">=18"
            }
        },
        "node_modules/zimmerframe": {
            "version": "1.1.2",
            "dev": true,
            "license": "MIT"
        }
    }
}
